
Microsoft Visual Studio Solution File, Format Version 12.00
# Visual Studio 2013
VisualStudioVersion = 12.0.31101.0
MinimumVisualStudioVersion = 10.0.40219.1
Project("{8BC9CEB8-8B4A-11D0-8D11-00A0C91BC942}") = "My2048", "My2048\My2048.vcxproj", "{301297BA-0771-455C-B78D-5908BE77AA07}"
EndProject
Project("{6141683F-8A12-4E36-9623-2EB02B2C2303}") = "2048_V1.0", "2048_V1.0\2048_V1.0.isproj", "{5CF69FE7-6719-48CF-8F82-673ED06217A3}"
	ProjectSection(ProjectDependencies) = postProject
		{301297BA-0771-455C-B78D-5908BE77AA07} = {301297BA-0771-455C-B78D-5908BE77AA07}
	EndProjectSection
EndProject
Global
	GlobalSection(SolutionConfigurationPlatforms) = preSolution
		CD_ROM|Win32 = CD_ROM|Win32
		Debug|Win32 = Debug|Win32
		DVD-5|Win32 = DVD-5|Win32
		Release|Win32 = Release|Win32
		SingleImage|Win32 = SingleImage|Win32
	EndGlobalSection
	GlobalSection(ProjectConfigurationPlatforms) = postSolution
		{301297BA-0771-455C-B78D-5908BE77AA07}.CD_ROM|Win32.ActiveCfg = Release|Win32
		{301297BA-0771-455C-B78D-5908BE77AA07}.CD_ROM|Win32.Build.0 = Release|Win32
		{301297BA-0771-455C-B78D-5908BE77AA07}.Debug|Win32.ActiveCfg = Debug|Win32
		{301297BA-0771-455C-B78D-5908BE77AA07}.Debug|Win32.Build.0 = Debug|Win32
		{301297BA-0771-455C-B78D-5908BE77AA07}.DVD-5|Win32.ActiveCfg = Debug|Win32
		{301297BA-0771-455C-B78D-5908BE77AA07}.DVD-5|Win32.Build.0 = Debug|Win32
		{301297BA-0771-455C-B78D-5908BE77AA07}.Release|Win32.ActiveCfg = Release|Win32
		{301297BA-0771-455C-B78D-5908BE77AA07}.Release|Win32.Build.0 = Release|Win32
		{301297BA-0771-455C-B78D-5908BE77AA07}.SingleImage|Win32.ActiveCfg = Release|Win32
		{301297BA-0771-455C-B78D-5908BE77AA07}.SingleImage|Win32.Build.0 = Release|Win32
		{5CF69FE7-6719-48CF-8F82-673ED06217A3}.CD_ROM|Win32.ActiveCfg = CD_ROM
		{5CF69FE7-6719-48CF-8F82-673ED06217A3}.CD_ROM|Win32.Build.0 = CD_ROM
		{5CF69FE7-6719-48CF-8F82-673ED06217A3}.Debug|Win32.ActiveCfg = DVD-5
		{5CF69FE7-6719-48CF-8F82-673ED06217A3}.Debug|Win32.Build.0 = DVD-5
		{5CF69FE7-6719-48CF-8F82-673ED06217A3}.DVD-5|Win32.ActiveCfg = DVD-5
		{5CF69FE7-6719-48CF-8F82-673ED06217A3}.DVD-5|Win32.Build.0 = DVD-5
		{5CF69FE7-6719-48CF-8F82-673ED06217A3}.Release|Win32.ActiveCfg = SingleImage
		{5CF69FE7-6719-48CF-8F82-673ED06217A3}.Release|Win32.Build.0 = SingleImage
		{5CF69FE7-6719-48CF-8F82-673ED06217A3}.SingleImage|Win32.ActiveCfg = SingleImage
		{5CF69FE7-6719-48CF-8F82-673ED06217A3}.SingleImage|Win32.Build.0 = SingleImage
	EndGlobalSection
	GlobalSection(SolutionProperties) = preSolution
		HideSolutionNode = FALSE
	EndGlobalSection
EndGlobal
